
Microsoft Visual Studio Solution File, Format Version 12.00
# Visual Studio Version 17
VisualStudioVersion = 17.11.35327.3
MinimumVisualStudioVersion = 10.0.40219.1
Project("{FAE04EC0-301F-11D3-BF4B-00C04F79EFBC}") = "WebAPI_MAB", "WebAPI_MAB\WebAPI_MAB.csproj", "{CBD02080-544C-4E8D-A077-379BD29D4DCE}"
EndProject
Global
	GlobalSection(SolutionConfigurationPlatforms) = preSolution
		Debug|Any CPU = Debug|Any CPU
		Release|Any CPU = Release|Any CPU
	EndGlobalSection
	GlobalSection(ProjectConfigurationPlatforms) = postSolution
		{CBD02080-544C-4E8D-A077-379BD29D4DCE}.Debug|Any CPU.ActiveCfg = Debug|Any CPU
		{CBD02080-544C-4E8D-A077-379BD29D4DCE}.Debug|Any CPU.Build.0 = Debug|Any CPU
		{CBD02080-544C-4E8D-A077-379BD29D4DCE}.Release|Any CPU.ActiveCfg = Release|Any CPU
		{CBD02080-544C-4E8D-A077-379BD29D4DCE}.Release|Any CPU.Build.0 = Release|Any CPU
	EndGlobalSection
	GlobalSection(SolutionProperties) = preSolution
		HideSolutionNode = FALSE
	EndGlobalSection
	GlobalSection(ExtensibilityGlobals) = postSolution
		SolutionGuid = {4B9A6351-5711-45AC-85C8-9FCADD8EA80F}
	EndGlobalSection
EndGlobal
